
Microsoft Visual Studio Solution File, Format Version 12.00
# Visual Studio Version 16
VisualStudioVersion = 16.0.32126.315
MinimumVisualStudioVersion = 10.0.40219.1
Project("{FAE04EC0-301F-11D3-BF4B-00C04F79EFBC}") = "VKTextAnalysisModelBuilder", "VKTextAnalysisModelBuilder.csproj", "{93A4FEC6-2A33-4E9A-A05B-938702584A43}"
EndProject
Global
	GlobalSection(SolutionConfigurationPlatforms) = preSolution
		Debug|Any CPU = Debug|Any CPU
		Debug|x64 = Debug|x64
		Release|Any CPU = Release|Any CPU
		Release|x64 = Release|x64
	EndGlobalSection
	GlobalSection(ProjectConfigurationPlatforms) = postSolution
		{93A4FEC6-2A33-4E9A-A05B-938702584A43}.Debug|Any CPU.ActiveCfg = Debug|Any CPU
		{93A4FEC6-2A33-4E9A-A05B-938702584A43}.Debug|Any CPU.Build.0 = Debug|Any CPU
		{93A4FEC6-2A33-4E9A-A05B-938702584A43}.Debug|x64.ActiveCfg = Debug|x64
		{93A4FEC6-2A33-4E9A-A05B-938702584A43}.Debug|x64.Build.0 = Debug|x64
		{93A4FEC6-2A33-4E9A-A05B-938702584A43}.Release|Any CPU.ActiveCfg = Release|Any CPU
		{93A4FEC6-2A33-4E9A-A05B-938702584A43}.Release|Any CPU.Build.0 = Release|Any CPU
		{93A4FEC6-2A33-4E9A-A05B-938702584A43}.Release|x64.ActiveCfg = Release|x64
		{93A4FEC6-2A33-4E9A-A05B-938702584A43}.Release|x64.Build.0 = Release|x64
	EndGlobalSection
	GlobalSection(SolutionProperties) = preSolution
		HideSolutionNode = FALSE
	EndGlobalSection
	GlobalSection(ExtensibilityGlobals) = postSolution
		SolutionGuid = {4D2C6F65-ED63-442D-85AA-CDE6D4EE42A9}
	EndGlobalSection
EndGlobal
