
Microsoft Visual Studio Solution File, Format Version 12.00
# Visual Studio Version 16
VisualStudioVersion = 16.0.30011.22
MinimumVisualStudioVersion = 10.0.40219.1
Project("{FAE04EC0-301F-11D3-BF4B-00C04F79EFBC}") = "VKGraphAnalisys", "VKGraphAnalisys.csproj", "{35B21FBB-2D8F-4EA9-859C-2DADF29BD4C6}"
EndProject
Global
	GlobalSection(SolutionConfigurationPlatforms) = preSolution
		Debug|Any CPU = Debug|Any CPU
		Release|Any CPU = Release|Any CPU
	EndGlobalSection
	GlobalSection(ProjectConfigurationPlatforms) = postSolution
		{35B21FBB-2D8F-4EA9-859C-2DADF29BD4C6}.Debug|Any CPU.ActiveCfg = Debug|Any CPU
		{35B21FBB-2D8F-4EA9-859C-2DADF29BD4C6}.Debug|Any CPU.Build.0 = Debug|Any CPU
		{35B21FBB-2D8F-4EA9-859C-2DADF29BD4C6}.Release|Any CPU.ActiveCfg = Release|Any CPU
		{35B21FBB-2D8F-4EA9-859C-2DADF29BD4C6}.Release|Any CPU.Build.0 = Release|Any CPU
	EndGlobalSection
	GlobalSection(SolutionProperties) = preSolution
		HideSolutionNode = FALSE
	EndGlobalSection
	GlobalSection(ExtensibilityGlobals) = postSolution
		SolutionGuid = {334E5C97-2E6B-429C-B86C-930728FD5098}
	EndGlobalSection
EndGlobal
